
Microsoft Visual Studio Solution File, Format Version 12.00
# Visual Studio Version 17
VisualStudioVersion = 17.5.002.0
MinimumVisualStudioVersion = 10.0.40219.1
Project("{9A19103F-16F7-4668-BE54-9A1E7A4F7556}") = "lab2_oop", "lab2_oop.csproj", "{BEB6C703-84CA-45C4-8C11-F28046C032E2}"
EndProject
Global
	GlobalSection(SolutionConfigurationPlatforms) = preSolution
		Debug|Any CPU = Debug|Any CPU
		Release|Any CPU = Release|Any CPU
	EndGlobalSection
	GlobalSection(ProjectConfigurationPlatforms) = postSolution
		{BEB6C703-84CA-45C4-8C11-F28046C032E2}.Debug|Any CPU.ActiveCfg = Debug|Any CPU
		{BEB6C703-84CA-45C4-8C11-F28046C032E2}.Debug|Any CPU.Build.0 = Debug|Any CPU
		{BEB6C703-84CA-45C4-8C11-F28046C032E2}.Release|Any CPU.ActiveCfg = Release|Any CPU
		{BEB6C703-84CA-45C4-8C11-F28046C032E2}.Release|Any CPU.Build.0 = Release|Any CPU
	EndGlobalSection
	GlobalSection(SolutionProperties) = preSolution
		HideSolutionNode = FALSE
	EndGlobalSection
	GlobalSection(ExtensibilityGlobals) = postSolution
		SolutionGuid = {4FA0A26A-298C-4B80-8258-00A9F7E12923}
	EndGlobalSection
EndGlobal
